
Microsoft Visual Studio Solution File, Format Version 12.00
Project("{FAE04EC0-301F-11D3-BF4B-00C04F79EFBC}") = "API", "API\API.csproj", "{B048D9F1-243C-42EB-8DAC-1B251F5CEF38}"
	ProjectSection(ProjectDependencies) = postProject
		{696E4587-97AB-439D-9850-1E358C2DD40F} = {696E4587-97AB-439D-9850-1E358C2DD40F}
	EndProjectSection
EndProject
Project("{FAE04EC0-301F-11D3-BF4B-00C04F79EFBC}") = "Application", "Application\Application.csproj", "{696E4587-97AB-439D-9850-1E358C2DD40F}"
	ProjectSection(ProjectDependencies) = postProject
		{3E061C13-CFD6-4D5E-855C-A6EE052292C2} = {3E061C13-CFD6-4D5E-855C-A6EE052292C2}
		{B1AEBED1-AEEF-4100-854D-AC5316CD3D99} = {B1AEBED1-AEEF-4100-854D-AC5316CD3D99}
	EndProjectSection
EndProject
Project("{FAE04EC0-301F-11D3-BF4B-00C04F79EFBC}") = "Domain", "Domain\Domain.csproj", "{3E061C13-CFD6-4D5E-855C-A6EE052292C2}"
EndProject
Project("{FAE04EC0-301F-11D3-BF4B-00C04F79EFBC}") = "Persistence", "Persistence\Persistence.csproj", "{B1AEBED1-AEEF-4100-854D-AC5316CD3D99}"
	ProjectSection(ProjectDependencies) = postProject
		{3E061C13-CFD6-4D5E-855C-A6EE052292C2} = {3E061C13-CFD6-4D5E-855C-A6EE052292C2}
	EndProjectSection
EndProject
Global
	GlobalSection(SolutionConfigurationPlatforms) = preSolution
		Debug|Any CPU = Debug|Any CPU
		Release|Any CPU = Release|Any CPU
	EndGlobalSection
	GlobalSection(ProjectConfigurationPlatforms) = postSolution
		{B048D9F1-243C-42EB-8DAC-1B251F5CEF38}.Debug|Any CPU.ActiveCfg = Debug|Any CPU
		{B048D9F1-243C-42EB-8DAC-1B251F5CEF38}.Debug|Any CPU.Build.0 = Debug|Any CPU
		{B048D9F1-243C-42EB-8DAC-1B251F5CEF38}.Release|Any CPU.ActiveCfg = Release|Any CPU
		{B048D9F1-243C-42EB-8DAC-1B251F5CEF38}.Release|Any CPU.Build.0 = Release|Any CPU
		{696E4587-97AB-439D-9850-1E358C2DD40F}.Debug|Any CPU.ActiveCfg = Debug|Any CPU
		{696E4587-97AB-439D-9850-1E358C2DD40F}.Debug|Any CPU.Build.0 = Debug|Any CPU
		{696E4587-97AB-439D-9850-1E358C2DD40F}.Release|Any CPU.ActiveCfg = Release|Any CPU
		{696E4587-97AB-439D-9850-1E358C2DD40F}.Release|Any CPU.Build.0 = Release|Any CPU
		{3E061C13-CFD6-4D5E-855C-A6EE052292C2}.Debug|Any CPU.ActiveCfg = Debug|Any CPU
		{3E061C13-CFD6-4D5E-855C-A6EE052292C2}.Debug|Any CPU.Build.0 = Debug|Any CPU
		{3E061C13-CFD6-4D5E-855C-A6EE052292C2}.Release|Any CPU.ActiveCfg = Release|Any CPU
		{3E061C13-CFD6-4D5E-855C-A6EE052292C2}.Release|Any CPU.Build.0 = Release|Any CPU
		{B1AEBED1-AEEF-4100-854D-AC5316CD3D99}.Debug|Any CPU.ActiveCfg = Debug|Any CPU
		{B1AEBED1-AEEF-4100-854D-AC5316CD3D99}.Debug|Any CPU.Build.0 = Debug|Any CPU
		{B1AEBED1-AEEF-4100-854D-AC5316CD3D99}.Release|Any CPU.ActiveCfg = Release|Any CPU
		{B1AEBED1-AEEF-4100-854D-AC5316CD3D99}.Release|Any CPU.Build.0 = Release|Any CPU
	EndGlobalSection
EndGlobal
